// !$*UTF8*$!
{
	archiveVersion = 1;
	classes = {
	};
	objectVersion = 55;
	objects = {

/* Begin PBXBuildFile section */
		1F3D9B052767A66500F971DB /* AppDelegate.swift in Sources */ = {isa = PBXBuildFile; fileRef = 1F3D9B042767A66500F971DB /* AppDelegate.swift */; };
		1F3D9B092767A66500F971DB /* ManyPicturesViewController.swift in Sources */ = {isa = PBXBuildFile; fileRef = 1F3D9B082767A66500F971DB /* ManyPicturesViewController.swift */; };
		1F3D9B0E2767A66900F971DB /* Assets.xcassets in Resources */ = {isa = PBXBuildFile; fileRef = 1F3D9B0D2767A66900F971DB /* Assets.xcassets */; };
		1F3D9B112767A66900F971DB /* LaunchScreen.storyboard in Resources */ = {isa = PBXBuildFile; fileRef = 1F3D9B0F2767A66900F971DB /* LaunchScreen.storyboard */; };
		1F3D9B1A2767A78E00F971DB /* SnapKit in Frameworks */ = {isa = PBXBuildFile; productRef = 1F3D9B192767A78E00F971DB /* SnapKit */; };
		1F8555C12768B4AE009EF44E /* ManyPicturesCell.swift in Sources */ = {isa = PBXBuildFile; fileRef = 1F8555C02768B4AE009EF44E /* ManyPicturesCell.swift */; };
		1FAA57A1276A14EB00A1380F /* NetworkManager.swift in Sources */ = {isa = PBXBuildFile; fileRef = 1FAA57A0276A14EB00A1380F /* NetworkManager.swift */; };
		1FAA57A5276A15D900A1380F /* Alamofire in Frameworks */ = {isa = PBXBuildFile; productRef = 1FAA57A4276A15D900A1380F /* Alamofire */; };
		1FAA57A7276A1A2800A1380F /* Constants.swift in Sources */ = {isa = PBXBuildFile; fileRef = 1FAA57A6276A1A2800A1380F /* Constants.swift */; };
/* End PBXBuildFile section */

/* Begin PBXFileReference section */
		1F3D9B012767A66500F971DB /* PictureFinder.app */ = {isa = PBXFileReference; explicitFileType = wrapper.application; includeInIndex = 0; path = PictureFinder.app; sourceTree = BUILT_PRODUCTS_DIR; };
		1F3D9B042767A66500F971DB /* AppDelegate.swift */ = {isa = PBXFileReference; lastKnownFileType = sourcecode.swift; path = AppDelegate.swift; sourceTree = "<group>"; };
		1F3D9B082767A66500F971DB /* ManyPicturesViewController.swift */ = {isa = PBXFileReference; lastKnownFileType = sourcecode.swift; path = ManyPicturesViewController.swift; sourceTree = "<group>"; };
		1F3D9B0D2767A66900F971DB /* Assets.xcassets */ = {isa = PBXFileReference; lastKnownFileType = folder.assetcatalog; path = Assets.xcassets; sourceTree = "<group>"; };
		1F3D9B102767A66900F971DB /* Base */ = {isa = PBXFileReference; lastKnownFileType = file.storyboard; name = Base; path = Base.lproj/LaunchScreen.storyboard; sourceTree = "<group>"; };
		1F3D9B122767A66900F971DB /* Info.plist */ = {isa = PBXFileReference; lastKnownFileType = text.plist.xml; path = Info.plist; sourceTree = "<group>"; };
		1F8555C02768B4AE009EF44E /* ManyPicturesCell.swift */ = {isa = PBXFileReference; lastKnownFileType = sourcecode.swift; path = ManyPicturesCell.swift; sourceTree = "<group>"; };
		1FAA57A0276A14EB00A1380F /* NetworkManager.swift */ = {isa = PBXFileReference; lastKnownFileType = sourcecode.swift; path = NetworkManager.swift; sourceTree = "<group>"; };
		1FAA57A6276A1A2800A1380F /* Constants.swift */ = {isa = PBXFileReference; lastKnownFileType = sourcecode.swift; path = Constants.swift; sourceTree = "<group>"; };
/* End PBXFileReference section */

/* Begin PBXFrameworksBuildPhase section */
		1F3D9AFE2767A66500F971DB /* Frameworks */ = {
			isa = PBXFrameworksBuildPhase;
			buildActionMask = 2147483647;
			files = (
				1F3D9B1A2767A78E00F971DB /* SnapKit in Frameworks */,
				1FAA57A5276A15D900A1380F /* Alamofire in Frameworks */,
			);
			runOnlyForDeploymentPostprocessing = 0;
		};
/* End PBXFrameworksBuildPhase section */

/* Begin PBXGroup section */
		1F3D9AF82767A66500F971DB = {
			isa = PBXGroup;
			children = (
				1F3D9B032767A66500F971DB /* PictureFinder */,
				1F3D9B022767A66500F971DB /* Products */,
			);
			sourceTree = "<group>";
		};
		1F3D9B022767A66500F971DB /* Products */ = {
			isa = PBXGroup;
			children = (
				1F3D9B012767A66500F971DB /* PictureFinder.app */,
			);
			name = Products;
			sourceTree = "<group>";
		};
		1F3D9B032767A66500F971DB /* PictureFinder */ = {
			isa = PBXGroup;
			children = (
				1F8555C22768DE78009EF44E /* ViewControllers */,
				1F8555C32768DEA1009EF44E /* Views */,
				1F8555C52768DF80009EF44E /* Supporting files */,
				1F8555C42768DF6F009EF44E /* Storyboards */,
			);
			path = PictureFinder;
			sourceTree = "<group>";
		};
		1F8555C22768DE78009EF44E /* ViewControllers */ = {
			isa = PBXGroup;
			children = (
				1F3D9B082767A66500F971DB /* ManyPicturesViewController.swift */,
				1FAA579F276A145500A1380F /* Models */,
			);
			path = ViewControllers;
			sourceTree = "<group>";
		};
		1F8555C32768DEA1009EF44E /* Views */ = {
			isa = PBXGroup;
			children = (
				1F8555C02768B4AE009EF44E /* ManyPicturesCell.swift */,
			);
			path = Views;
			sourceTree = "<group>";
		};
		1F8555C42768DF6F009EF44E /* Storyboards */ = {
			isa = PBXGroup;
			children = (
				1F3D9B0F2767A66900F971DB /* LaunchScreen.storyboard */,
			);
			path = Storyboards;
			sourceTree = "<group>";
		};
		1F8555C52768DF80009EF44E /* Supporting files */ = {
			isa = PBXGroup;
			children = (
				1F3D9B0D2767A66900F971DB /* Assets.xcassets */,
				1F3D9B042767A66500F971DB /* AppDelegate.swift */,
				1F3D9B122767A66900F971DB /* Info.plist */,
			);
			path = "Supporting files";
			sourceTree = "<group>";
		};
		1FAA579F276A145500A1380F /* Models */ = {
			isa = PBXGroup;
			children = (
				1FAA57A2276A14F500A1380F /* Services */,
			);
			path = Models;
			sourceTree = "<group>";
		};
		1FAA57A2276A14F500A1380F /* Services */ = {
			isa = PBXGroup;
			children = (
				1FAA57A0276A14EB00A1380F /* NetworkManager.swift */,
				1FAA57A6276A1A2800A1380F /* Constants.swift */,
			);
			path = Services;
			sourceTree = "<group>";
		};
/* End PBXGroup section */

/* Begin PBXNativeTarget section */
		1F3D9B002767A66500F971DB /* PictureFinder */ = {
			isa = PBXNativeTarget;
			buildConfigurationList = 1F3D9B152767A66900F971DB /* Build configuration list for PBXNativeTarget "PictureFinder" */;
			buildPhases = (
				1F3D9AFD2767A66500F971DB /* Sources */,
				1F3D9AFE2767A66500F971DB /* Frameworks */,
				1F3D9AFF2767A66500F971DB /* Resources */,
			);
			buildRules = (
			);
			dependencies = (
			);
			name = PictureFinder;
			packageProductDependencies = (
				1F3D9B192767A78E00F971DB /* SnapKit */,
				1FAA57A4276A15D900A1380F /* Alamofire */,
			);
			productName = PictureFinder;
			productReference = 1F3D9B012767A66500F971DB /* PictureFinder.app */;
			productType = "com.apple.product-type.application";
		};
/* End PBXNativeTarget section */

/* Begin PBXProject section */
		1F3D9AF92767A66500F971DB /* Project object */ = {
			isa = PBXProject;
			attributes = {
				BuildIndependentTargetsInParallel = 1;
				LastSwiftUpdateCheck = 1310;
				LastUpgradeCheck = 1310;
				TargetAttributes = {
					1F3D9B002767A66500F971DB = {
						CreatedOnToolsVersion = 13.1;
					};
				};
			};
			buildConfigurationList = 1F3D9AFC2767A66500F971DB /* Build configuration list for PBXProject "PictureFinder" */;
			compatibilityVersion = "Xcode 13.0";
			developmentRegion = en;
			hasScannedForEncodings = 0;
			knownRegions = (
				en,
				Base,
			);
			mainGroup = 1F3D9AF82767A66500F971DB;
			packageReferences = (
				1F3D9B182767A78E00F971DB /* XCRemoteSwiftPackageReference "SnapKit" */,
				1FAA57A3276A15D900A1380F /* XCRemoteSwiftPackageReference "Alamofire" */,
			);
			productRefGroup = 1F3D9B022767A66500F971DB /* Products */;
			projectDirPath = "";
			projectRoot = "";
			targets = (
				1F3D9B002767A66500F971DB /* PictureFinder */,
			);
		};
/* End PBXProject section */

/* Begin PBXResourcesBuildPhase section */
		1F3D9AFF2767A66500F971DB /* Resources */ = {
			isa = PBXResourcesBuildPhase;
			buildActionMask = 2147483647;
			files = (
				1F3D9B112767A66900F971DB /* LaunchScreen.storyboard in Resources */,
				1F3D9B0E2767A66900F971DB /* Assets.xcassets in Resources */,
			);
			runOnlyForDeploymentPostprocessing = 0;
		};
/* End PBXResourcesBuildPhase section */

/* Begin PBXSourcesBuildPhase section */
		1F3D9AFD2767A66500F971DB /* Sources */ = {
			isa = PBXSourcesBuildPhase;
			buildActionMask = 2147483647;
			files = (
				1F8555C12768B4AE009EF44E /* ManyPicturesCell.swift in Sources */,
				1F3D9B092767A66500F971DB /* ManyPicturesViewController.swift in Sources */,
				1FAA57A1276A14EB00A1380F /* NetworkManager.swift in Sources */,
				1F3D9B052767A66500F971DB /* AppDelegate.swift in Sources */,
				1FAA57A7276A1A2800A1380F /* Constants.swift in Sources */,
			);
			runOnlyForDeploymentPostprocessing = 0;
		};
/* End PBXSourcesBuildPhase section */

/* Begin PBXVariantGroup section */
		1F3D9B0F2767A66900F971DB /* LaunchScreen.storyboard */ = {
			isa = PBXVariantGroup;
			children = (
				1F3D9B102767A66900F971DB /* Base */,
			);
			name = LaunchScreen.storyboard;
			sourceTree = "<group>";
		};
/* End PBXVariantGroup section */

/* Begin XCBuildConfiguration section */
		1F3D9B132767A66900F971DB /* Debug */ = {
			isa = XCBuildConfiguration;
			buildSettings = {
				ALWAYS_SEARCH_USER_PATHS = NO;
				CLANG_ANALYZER_NONNULL = YES;
				CLANG_ANALYZER_NUMBER_OBJECT_CONVERSION = YES_AGGRESSIVE;
				CLANG_CXX_LANGUAGE_STANDARD = "gnu++17";
				CLANG_CXX_LIBRARY = "libc++";
				CLANG_ENABLE_MODULES = YES;
				CLANG_ENABLE_OBJC_ARC = YES;
				CLANG_ENABLE_OBJC_WEAK = YES;
				CLANG_WARN_BLOCK_CAPTURE_AUTORELEASING = YES;
				CLANG_WARN_BOOL_CONVERSION = YES;
				CLANG_WARN_COMMA = YES;
				CLANG_WARN_CONSTANT_CONVERSION = YES;
				CLANG_WARN_DEPRECATED_OBJC_IMPLEMENTATIONS = YES;
				CLANG_WARN_DIRECT_OBJC_ISA_USAGE = YES_ERROR;
				CLANG_WARN_DOCUMENTATION_COMMENTS = YES;
				CLANG_WARN_EMPTY_BODY = YES;
				CLANG_WARN_ENUM_CONVERSION = YES;
				CLANG_WARN_INFINITE_RECURSION = YES;
				CLANG_WARN_INT_CONVERSION = YES;
				CLANG_WARN_NON_LITERAL_NULL_CONVERSION = YES;
				CLANG_WARN_OBJC_IMPLICIT_RETAIN_SELF = YES;
				CLANG_WARN_OBJC_LITERAL_CONVERSION = YES;
				CLANG_WARN_OBJC_ROOT_CLASS = YES_ERROR;
				CLANG_WARN_QUOTED_INCLUDE_IN_FRAMEWORK_HEADER = YES;
				CLANG_WARN_RANGE_LOOP_ANALYSIS = YES;
				CLANG_WARN_STRICT_PROTOTYPES = YES;
				CLANG_WARN_SUSPICIOUS_MOVE = YES;
				CLANG_WARN_UNGUARDED_AVAILABILITY = YES_AGGRESSIVE;
				CLANG_WARN_UNREACHABLE_CODE = YES;
				CLANG_WARN__DUPLICATE_METHOD_MATCH = YES;
				COPY_PHASE_STRIP = NO;
				DEBUG_INFORMATION_FORMAT = dwarf;
				ENABLE_STRICT_OBJC_MSGSEND = YES;
				ENABLE_TESTABILITY = YES;
				GCC_C_LANGUAGE_STANDARD = gnu11;
				GCC_DYNAMIC_NO_PIC = NO;
				GCC_NO_COMMON_BLOCKS = YES;
				GCC_OPTIMIZATION_LEVEL = 0;
				GCC_PREPROCESSOR_DEFINITIONS = (
					"DEBUG=1",
					"$(inherited)",
				);
				GCC_WARN_64_TO_32_BIT_CONVERSION = YES;
				GCC_WARN_ABOUT_RETURN_TYPE = YES_ERROR;
				GCC_WARN_UNDECLARED_SELECTOR = YES;
				GCC_WARN_UNINITIALIZED_AUTOS = YES_AGGRESSIVE;
				GCC_WARN_UNUSED_FUNCTION = YES;
				GCC_WARN_UNUSED_VARIABLE = YES;
				IPHONEOS_DEPLOYMENT_TARGET = 15.0;
				MTL_ENABLE_DEBUG_INFO = INCLUDE_SOURCE;
				MTL_FAST_MATH = YES;
				ONLY_ACTIVE_ARCH = YES;
				SDKROOT = iphoneos;
				SWIFT_ACTIVE_COMPILATION_CONDITIONS = DEBUG;
				SWIFT_OPTIMIZATION_LEVEL = "-Onone";
			};
			name = Debug;
		};
		1F3D9B142767A66900F971DB /* Release */ = {
			isa = XCBuildConfiguration;
			buildSettings = {
				ALWAYS_SEARCH_USER_PATHS = NO;
				CLANG_ANALYZER_NONNULL = YES;
				CLANG_ANALYZER_NUMBER_OBJECT_CONVERSION = YES_AGGRESSIVE;
				CLANG_CXX_LANGUAGE_STANDARD = "gnu++17";
				CLANG_CXX_LIBRARY = "libc++";
				CLANG_ENABLE_MODULES = YES;
				CLANG_ENABLE_OBJC_ARC = YES;
				CLANG_ENABLE_OBJC_WEAK = YES;
				CLANG_WARN_BLOCK_CAPTURE_AUTORELEASING = YES;
				CLANG_WARN_BOOL_CONVERSION = YES;
				CLANG_WARN_COMMA = YES;
				CLANG_WARN_CONSTANT_CONVERSION = YES;
				CLANG_WARN_DEPRECATED_OBJC_IMPLEMENTATIONS = YES;
				CLANG_WARN_DIRECT_OBJC_ISA_USAGE = YES_ERROR;
				CLANG_WARN_DOCUMENTATION_COMMENTS = YES;
				CLANG_WARN_EMPTY_BODY = YES;
				CLANG_WARN_ENUM_CONVERSION = YES;
				CLANG_WARN_INFINITE_RECURSION = YES;
				CLANG_WARN_INT_CONVERSION = YES;
				CLANG_WARN_NON_LITERAL_NULL_CONVERSION = YES;
				CLANG_WARN_OBJC_IMPLICIT_RETAIN_SELF = YES;
				CLANG_WARN_OBJC_LITERAL_CONVERSION = YES;
				CLANG_WARN_OBJC_ROOT_CLASS = YES_ERROR;
				CLANG_WARN_QUOTED_INCLUDE_IN_FRAMEWORK_HEADER = YES;
				CLANG_WARN_RANGE_LOOP_ANALYSIS = YES;
				CLANG_WARN_STRICT_PROTOTYPES = YES;
				CLANG_WARN_SUSPICIOUS_MOVE = YES;
				CLANG_WARN_UNGUARDED_AVAILABILITY = YES_AGGRESSIVE;
				CLANG_WARN_UNREACHABLE_CODE = YES;
				CLANG_WARN__DUPLICATE_METHOD_MATCH = YES;
				COPY_PHASE_STRIP = NO;
				DEBUG_INFORMATION_FORMAT = "dwarf-with-dsym";
				ENABLE_NS_ASSERTIONS = NO;
				ENABLE_STRICT_OBJC_MSGSEND = YES;
				GCC_C_LANGUAGE_STANDARD = gnu11;
				GCC_NO_COMMON_BLOCKS = YES;
				GCC_WARN_64_TO_32_BIT_CONVERSION = YES;
				GCC_WARN_ABOUT_RETURN_TYPE = YES_ERROR;
				GCC_WARN_UNDECLARED_SELECTOR = YES;
				GCC_WARN_UNINITIALIZED_AUTOS = YES_AGGRESSIVE;
				GCC_WARN_UNUSED_FUNCTION = YES;
				GCC_WARN_UNUSED_VARIABLE = YES;
				IPHONEOS_DEPLOYMENT_TARGET = 15.0;
				MTL_ENABLE_DEBUG_INFO = NO;
				MTL_FAST_MATH = YES;
				SDKROOT = iphoneos;
				SWIFT_COMPILATION_MODE = wholemodule;
				SWIFT_OPTIMIZATION_LEVEL = "-O";
				VALIDATE_PRODUCT = YES;
			};
			name = Release;
		};
		1F3D9B162767A66900F971DB /* Debug */ = {
			isa = XCBuildConfiguration;
			buildSettings = {
				ASSETCATALOG_COMPILER_APPICON_NAME = AppIcon;
				ASSETCATALOG_COMPILER_GLOBAL_ACCENT_COLOR_NAME = AccentColor;
				CODE_SIGN_STYLE = Automatic;
				CURRENT_PROJECT_VERSION = 1;
				DEVELOPMENT_TEAM = JKCU96H3SQ;
				GENERATE_INFOPLIST_FILE = YES;
				INFOPLIST_FILE = "PictureFinder/Supporting files/Info.plist";
				INFOPLIST_KEY_UIApplicationSupportsIndirectInputEvents = YES;
				INFOPLIST_KEY_UILaunchStoryboardName = LaunchScreen;
				INFOPLIST_KEY_UISupportedInterfaceOrientations = UIInterfaceOrientationPortrait;
				INFOPLIST_KEY_UISupportedInterfaceOrientations_iPad = "UIInterfaceOrientationPortrait UIInterfaceOrientationPortraitUpsideDown UIInterfaceOrientationLandscapeLeft UIInterfaceOrientationLandscapeRight";
				INFOPLIST_KEY_UISupportedInterfaceOrientations_iPhone = "UIInterfaceOrientationPortrait UIInterfaceOrientationLandscapeLeft UIInterfaceOrientationLandscapeRight";
				LD_RUNPATH_SEARCH_PATHS = (
					"$(inherited)",
					"@executable_path/Frameworks",
				);
				MARKETING_VERSION = 1.0;
				PRODUCT_BUNDLE_IDENTIFIER = Nikolaev.PictureFinder;
				PRODUCT_NAME = "$(TARGET_NAME)";
				SWIFT_EMIT_LOC_STRINGS = YES;
				SWIFT_VERSION = 5.0;
				TARGETED_DEVICE_FAMILY = "1,2";
			};
			name = Debug;
		};
		1F3D9B172767A66900F971DB /* Release */ = {
			isa = XCBuildConfiguration;
			buildSettings = {
				ASSETCATALOG_COMPILER_APPICON_NAME = AppIcon;
				ASSETCATALOG_COMPILER_GLOBAL_ACCENT_COLOR_NAME = AccentColor;
				CODE_SIGN_STYLE = Automatic;
				CURRENT_PROJECT_VERSION = 1;
				DEVELOPMENT_TEAM = JKCU96H3SQ;
				GENERATE_INFOPLIST_FILE = YES;
				INFOPLIST_FILE = "PictureFinder/Supporting files/Info.plist";
				INFOPLIST_KEY_UIApplicationSupportsIndirectInputEvents = YES;
				INFOPLIST_KEY_UILaunchStoryboardName = LaunchScreen;
				INFOPLIST_KEY_UISupportedInterfaceOrientations = UIInterfaceOrientationPortrait;
				INFOPLIST_KEY_UISupportedInterfaceOrientations_iPad = "UIInterfaceOrientationPortrait UIInterfaceOrientationPortraitUpsideDown UIInterfaceOrientationLandscapeLeft UIInterfaceOrientationLandscapeRight";
				INFOPLIST_KEY_UISupportedInterfaceOrientations_iPhone = "UIInterfaceOrientationPortrait UIInterfaceOrientationLandscapeLeft UIInterfaceOrientationLandscapeRight";
				LD_RUNPATH_SEARCH_PATHS = (
					"$(inherited)",
					"@executable_path/Frameworks",
				);
				MARKETING_VERSION = 1.0;
				PRODUCT_BUNDLE_IDENTIFIER = Nikolaev.PictureFinder;
				PRODUCT_NAME = "$(TARGET_NAME)";
				SWIFT_EMIT_LOC_STRINGS = YES;
				SWIFT_VERSION = 5.0;
				TARGETED_DEVICE_FAMILY = "1,2";
			};
			name = Release;
		};
/* End XCBuildConfiguration section */

/* Begin XCConfigurationList section */
		1F3D9AFC2767A66500F971DB /* Build configuration list for PBXProject "PictureFinder" */ = {
			isa = XCConfigurationList;
			buildConfigurations = (
				1F3D9B132767A66900F971DB /* Debug */,
				1F3D9B142767A66900F971DB /* Release */,
			);
			defaultConfigurationIsVisible = 0;
			defaultConfigurationName = Release;
		};
		1F3D9B152767A66900F971DB /* Build configuration list for PBXNativeTarget "PictureFinder" */ = {
			isa = XCConfigurationList;
			buildConfigurations = (
				1F3D9B162767A66900F971DB /* Debug */,
				1F3D9B172767A66900F971DB /* Release */,
			);
			defaultConfigurationIsVisible = 0;
			defaultConfigurationName = Release;
		};
/* End XCConfigurationList section */

/* Begin XCRemoteSwiftPackageReference section */
		1F3D9B182767A78E00F971DB /* XCRemoteSwiftPackageReference "SnapKit" */ = {
			isa = XCRemoteSwiftPackageReference;
			repositoryURL = "https://github.com/SnapKit/SnapKit";
			requirement = {
				branch = develop;
				kind = branch;
			};
		};
		1FAA57A3276A15D900A1380F /* XCRemoteSwiftPackageReference "Alamofire" */ = {
			isa = XCRemoteSwiftPackageReference;
			repositoryURL = "https://github.com/Alamofire/Alamofire";
			requirement = {
				kind = upToNextMajorVersion;
				minimumVersion = 5.0.0;
			};
		};
/* End XCRemoteSwiftPackageReference section */

/* Begin XCSwiftPackageProductDependency section */
		1F3D9B192767A78E00F971DB /* SnapKit */ = {
			isa = XCSwiftPackageProductDependency;
			package = 1F3D9B182767A78E00F971DB /* XCRemoteSwiftPackageReference "SnapKit" */;
			productName = SnapKit;
		};
		1FAA57A4276A15D900A1380F /* Alamofire */ = {
			isa = XCSwiftPackageProductDependency;
			package = 1FAA57A3276A15D900A1380F /* XCRemoteSwiftPackageReference "Alamofire" */;
			productName = Alamofire;
		};
/* End XCSwiftPackageProductDependency section */
	};
	rootObject = 1F3D9AF92767A66500F971DB /* Project object */;
}
